
Microsoft Visual Studio Solution File, Format Version 12.00
# Visual Studio 15
Project("{FAE04EC0-301F-11D3-BF4B-00C04F79EFBC}") = "TestInteractionsTab.Android", "TestInteractionsTab.Android\TestInteractionsTab.Android.csproj", "{3D90D985-E38D-45F3-A8AA-7BE065BE776C}"
EndProject
Project("{FAE04EC0-301F-11D3-BF4B-00C04F79EFBC}") = "TestInteractionsTab.iOS", "TestInteractionsTab.iOS\TestInteractionsTab.iOS.csproj", "{59C0FB18-4A11-4FDE-A2FD-B7D193D20F99}"
EndProject
Project("{FAE04EC0-301F-11D3-BF4B-00C04F79EFBC}") = "TestInteractionsTab", "TestInteractionsTab\TestInteractionsTab.csproj", "{65943F6E-67D9-49F3-AE0A-AAD776C9F52F}"
EndProject
Global
	GlobalSection(SolutionConfigurationPlatforms) = preSolution
		Debug|Any CPU = Debug|Any CPU
		Release|Any CPU = Release|Any CPU
		Debug|iPhoneSimulator = Debug|iPhoneSimulator
		Release|iPhoneSimulator = Release|iPhoneSimulator
		Debug|iPhone = Debug|iPhone
		Release|iPhone = Release|iPhone
	EndGlobalSection
	GlobalSection(ProjectConfigurationPlatforms) = postSolution
		{3D90D985-E38D-45F3-A8AA-7BE065BE776C}.Debug|Any CPU.ActiveCfg = Debug|Any CPU
		{3D90D985-E38D-45F3-A8AA-7BE065BE776C}.Debug|Any CPU.Build.0 = Debug|Any CPU
		{3D90D985-E38D-45F3-A8AA-7BE065BE776C}.Release|Any CPU.ActiveCfg = Release|Any CPU
		{3D90D985-E38D-45F3-A8AA-7BE065BE776C}.Release|Any CPU.Build.0 = Release|Any CPU
		{3D90D985-E38D-45F3-A8AA-7BE065BE776C}.Debug|iPhoneSimulator.ActiveCfg = Debug|Any CPU
		{3D90D985-E38D-45F3-A8AA-7BE065BE776C}.Debug|iPhoneSimulator.Build.0 = Debug|Any CPU
		{3D90D985-E38D-45F3-A8AA-7BE065BE776C}.Release|iPhoneSimulator.ActiveCfg = Release|Any CPU
		{3D90D985-E38D-45F3-A8AA-7BE065BE776C}.Release|iPhoneSimulator.Build.0 = Release|Any CPU
		{3D90D985-E38D-45F3-A8AA-7BE065BE776C}.Debug|iPhone.ActiveCfg = Debug|Any CPU
		{3D90D985-E38D-45F3-A8AA-7BE065BE776C}.Debug|iPhone.Build.0 = Debug|Any CPU
		{3D90D985-E38D-45F3-A8AA-7BE065BE776C}.Release|iPhone.ActiveCfg = Release|Any CPU
		{3D90D985-E38D-45F3-A8AA-7BE065BE776C}.Release|iPhone.Build.0 = Release|Any CPU
		{59C0FB18-4A11-4FDE-A2FD-B7D193D20F99}.Debug|Any CPU.ActiveCfg = Debug|iPhoneSimulator
		{59C0FB18-4A11-4FDE-A2FD-B7D193D20F99}.Debug|Any CPU.Build.0 = Debug|iPhoneSimulator
		{59C0FB18-4A11-4FDE-A2FD-B7D193D20F99}.Release|Any CPU.ActiveCfg = Release|iPhoneSimulator
		{59C0FB18-4A11-4FDE-A2FD-B7D193D20F99}.Release|Any CPU.Build.0 = Release|iPhoneSimulator
		{59C0FB18-4A11-4FDE-A2FD-B7D193D20F99}.Debug|iPhoneSimulator.ActiveCfg = Debug|iPhoneSimulator
		{59C0FB18-4A11-4FDE-A2FD-B7D193D20F99}.Debug|iPhoneSimulator.Build.0 = Debug|iPhoneSimulator
		{59C0FB18-4A11-4FDE-A2FD-B7D193D20F99}.Release|iPhoneSimulator.ActiveCfg = Release|iPhoneSimulator
		{59C0FB18-4A11-4FDE-A2FD-B7D193D20F99}.Release|iPhoneSimulator.Build.0 = Release|iPhoneSimulator
		{59C0FB18-4A11-4FDE-A2FD-B7D193D20F99}.Debug|iPhone.ActiveCfg = Debug|iPhone
		{59C0FB18-4A11-4FDE-A2FD-B7D193D20F99}.Debug|iPhone.Build.0 = Debug|iPhone
		{59C0FB18-4A11-4FDE-A2FD-B7D193D20F99}.Release|iPhone.ActiveCfg = Release|iPhone
		{59C0FB18-4A11-4FDE-A2FD-B7D193D20F99}.Release|iPhone.Build.0 = Release|iPhone
		{65943F6E-67D9-49F3-AE0A-AAD776C9F52F}.Debug|Any CPU.ActiveCfg = Debug|Any CPU
		{65943F6E-67D9-49F3-AE0A-AAD776C9F52F}.Debug|Any CPU.Build.0 = Debug|Any CPU
		{65943F6E-67D9-49F3-AE0A-AAD776C9F52F}.Release|Any CPU.ActiveCfg = Release|Any CPU
		{65943F6E-67D9-49F3-AE0A-AAD776C9F52F}.Release|Any CPU.Build.0 = Release|Any CPU
		{65943F6E-67D9-49F3-AE0A-AAD776C9F52F}.Debug|iPhoneSimulator.ActiveCfg = Debug|Any CPU
		{65943F6E-67D9-49F3-AE0A-AAD776C9F52F}.Debug|iPhoneSimulator.Build.0 = Debug|Any CPU
		{65943F6E-67D9-49F3-AE0A-AAD776C9F52F}.Release|iPhoneSimulator.ActiveCfg = Release|Any CPU
		{65943F6E-67D9-49F3-AE0A-AAD776C9F52F}.Release|iPhoneSimulator.Build.0 = Release|Any CPU
		{65943F6E-67D9-49F3-AE0A-AAD776C9F52F}.Debug|iPhone.ActiveCfg = Debug|Any CPU
		{65943F6E-67D9-49F3-AE0A-AAD776C9F52F}.Debug|iPhone.Build.0 = Debug|Any CPU
		{65943F6E-67D9-49F3-AE0A-AAD776C9F52F}.Release|iPhone.ActiveCfg = Release|Any CPU
		{65943F6E-67D9-49F3-AE0A-AAD776C9F52F}.Release|iPhone.Build.0 = Release|Any CPU
	EndGlobalSection
EndGlobal
